
Microsoft Visual Studio Solution File, Format Version 12.00
# Visual Studio Version 16
VisualStudioVersion = 16.0.31019.35
MinimumVisualStudioVersion = 10.0.40219.1
Project("{FAE04EC0-301F-11D3-BF4B-00C04F79EFBC}") = "MarsRover", "MarsRover\MarsRover.csproj", "{C55A93E7-5812-4CB3-9EDE-5C41524372B7}"
EndProject
Project("{FAE04EC0-301F-11D3-BF4B-00C04F79EFBC}") = "MarsRoverTest", "MarsRoverTest\MarsRoverTest.csproj", "{90E5E856-6631-466B-A02C-77AA0531C176}"
EndProject
Global
	GlobalSection(SolutionConfigurationPlatforms) = preSolution
		Debug|Any CPU = Debug|Any CPU
		Release|Any CPU = Release|Any CPU
	EndGlobalSection
	GlobalSection(ProjectConfigurationPlatforms) = postSolution
		{C55A93E7-5812-4CB3-9EDE-5C41524372B7}.Debug|Any CPU.ActiveCfg = Debug|Any CPU
		{C55A93E7-5812-4CB3-9EDE-5C41524372B7}.Debug|Any CPU.Build.0 = Debug|Any CPU
		{C55A93E7-5812-4CB3-9EDE-5C41524372B7}.Release|Any CPU.ActiveCfg = Release|Any CPU
		{C55A93E7-5812-4CB3-9EDE-5C41524372B7}.Release|Any CPU.Build.0 = Release|Any CPU
		{90E5E856-6631-466B-A02C-77AA0531C176}.Debug|Any CPU.ActiveCfg = Debug|Any CPU
		{90E5E856-6631-466B-A02C-77AA0531C176}.Debug|Any CPU.Build.0 = Debug|Any CPU
		{90E5E856-6631-466B-A02C-77AA0531C176}.Release|Any CPU.ActiveCfg = Release|Any CPU
		{90E5E856-6631-466B-A02C-77AA0531C176}.Release|Any CPU.Build.0 = Release|Any CPU
	EndGlobalSection
	GlobalSection(SolutionProperties) = preSolution
		HideSolutionNode = FALSE
	EndGlobalSection
	GlobalSection(ExtensibilityGlobals) = postSolution
		SolutionGuid = {C91C7BD3-F442-4A3A-A205-3EDF59AC84B3}
	EndGlobalSection
EndGlobal
